
Microsoft Visual Studio Solution File, Format Version 12.00
# Visual Studio Version 17
VisualStudioVersion = 17.5.33530.505
MinimumVisualStudioVersion = 10.0.40219.1
Project("{9A19103F-16F7-4668-BE54-9A1E7A4F7556}") = "MacroPad.Plugins.Protocol.Midi", "MacroPad.Plugins\MacroPad.Plugins.Protocol.Midi.csproj", "{39657541-74B1-4411-954D-D267C1CB6910}"
EndProject
Project("{9A19103F-16F7-4668-BE54-9A1E7A4F7556}") = "MacroPad.Plugins.Nodes.Javascript", "MacroPad.Plugins.Nodes.Javascript\MacroPad.Plugins.Nodes.Javascript.csproj", "{2E4F5975-6070-4B88-934E-E0687C6535D9}"
EndProject
Project("{9A19103F-16F7-4668-BE54-9A1E7A4F7556}") = "MacroPad.Plugins.Nodes.VoiceMeeter", "MacroPad.Plugins.Nodes.VoiceMeeter\MacroPad.Plugins.Nodes.VoiceMeeter.csproj", "{EDD503AC-32B3-4053-9271-37E1CDF43B74}"
EndProject
Project("{9A19103F-16F7-4668-BE54-9A1E7A4F7556}") = "MacroPad.Plugins.Nodes.Discord", "MacroPad.Plugins.Nodes.Discord\MacroPad.Plugins.Nodes.Discord.csproj", "{316D343B-1F3E-4EFA-B3F5-739260A0CEE7}"
EndProject
Project("{FAE04EC0-301F-11D3-BF4B-00C04F79EFBC}") = "MacroPad.Plugins.Nodes.OBS", "MacroPad.Plugins.Nodes.OBS\MacroPad.Plugins.Nodes.OBS.csproj", "{D36C802C-B00D-40CC-B613-1F626799F255}"
EndProject
Global
	GlobalSection(SolutionConfigurationPlatforms) = preSolution
		Debug|Any CPU = Debug|Any CPU
		Release|Any CPU = Release|Any CPU
	EndGlobalSection
	GlobalSection(ProjectConfigurationPlatforms) = postSolution
		{39657541-74B1-4411-954D-D267C1CB6910}.Debug|Any CPU.ActiveCfg = Debug|Any CPU
		{39657541-74B1-4411-954D-D267C1CB6910}.Debug|Any CPU.Build.0 = Debug|Any CPU
		{39657541-74B1-4411-954D-D267C1CB6910}.Release|Any CPU.ActiveCfg = Release|Any CPU
		{39657541-74B1-4411-954D-D267C1CB6910}.Release|Any CPU.Build.0 = Release|Any CPU
		{2E4F5975-6070-4B88-934E-E0687C6535D9}.Debug|Any CPU.ActiveCfg = Debug|Any CPU
		{2E4F5975-6070-4B88-934E-E0687C6535D9}.Debug|Any CPU.Build.0 = Debug|Any CPU
		{2E4F5975-6070-4B88-934E-E0687C6535D9}.Release|Any CPU.ActiveCfg = Release|Any CPU
		{2E4F5975-6070-4B88-934E-E0687C6535D9}.Release|Any CPU.Build.0 = Release|Any CPU
		{EDD503AC-32B3-4053-9271-37E1CDF43B74}.Debug|Any CPU.ActiveCfg = Debug|Any CPU
		{EDD503AC-32B3-4053-9271-37E1CDF43B74}.Debug|Any CPU.Build.0 = Debug|Any CPU
		{EDD503AC-32B3-4053-9271-37E1CDF43B74}.Release|Any CPU.ActiveCfg = Release|Any CPU
		{EDD503AC-32B3-4053-9271-37E1CDF43B74}.Release|Any CPU.Build.0 = Release|Any CPU
		{316D343B-1F3E-4EFA-B3F5-739260A0CEE7}.Debug|Any CPU.ActiveCfg = Debug|Any CPU
		{316D343B-1F3E-4EFA-B3F5-739260A0CEE7}.Debug|Any CPU.Build.0 = Debug|Any CPU
		{316D343B-1F3E-4EFA-B3F5-739260A0CEE7}.Release|Any CPU.ActiveCfg = Release|Any CPU
		{316D343B-1F3E-4EFA-B3F5-739260A0CEE7}.Release|Any CPU.Build.0 = Release|Any CPU
		{D36C802C-B00D-40CC-B613-1F626799F255}.Debug|Any CPU.ActiveCfg = Debug|Any CPU
		{D36C802C-B00D-40CC-B613-1F626799F255}.Debug|Any CPU.Build.0 = Debug|Any CPU
		{D36C802C-B00D-40CC-B613-1F626799F255}.Release|Any CPU.ActiveCfg = Release|Any CPU
		{D36C802C-B00D-40CC-B613-1F626799F255}.Release|Any CPU.Build.0 = Release|Any CPU
	EndGlobalSection
	GlobalSection(SolutionProperties) = preSolution
		HideSolutionNode = FALSE
	EndGlobalSection
	GlobalSection(ExtensibilityGlobals) = postSolution
		SolutionGuid = {6F7C0729-D922-4314-8257-2D0A7DCA0EF1}
	EndGlobalSection
EndGlobal
